
Microsoft Visual Studio Solution File, Format Version 12.00
# Visual Studio 15
VisualStudioVersion = 15.0.27130.2020
MinimumVisualStudioVersion = 10.0.40219.1
Project("{FAE04EC0-301F-11D3-BF4B-00C04F79EFBC}") = "SeminarMVCServis", "SeminarMVCServis\SeminarMVCServis.csproj", "{42898CCF-694A-43D0-8171-5FA693774672}"
EndProject
Project("{FAE04EC0-301F-11D3-BF4B-00C04F79EFBC}") = "SeminarMVCServis.DAL", "SeminarMVCServis.DAL\SeminarMVCServis.DAL.csproj", "{CE244815-B3C9-468A-9574-3B398BF5FE0D}"
EndProject
Global
	GlobalSection(SolutionConfigurationPlatforms) = preSolution
		Debug|Any CPU = Debug|Any CPU
		Release|Any CPU = Release|Any CPU
	EndGlobalSection
	GlobalSection(ProjectConfigurationPlatforms) = postSolution
		{42898CCF-694A-43D0-8171-5FA693774672}.Debug|Any CPU.ActiveCfg = Debug|Any CPU
		{42898CCF-694A-43D0-8171-5FA693774672}.Debug|Any CPU.Build.0 = Debug|Any CPU
		{42898CCF-694A-43D0-8171-5FA693774672}.Release|Any CPU.ActiveCfg = Release|Any CPU
		{42898CCF-694A-43D0-8171-5FA693774672}.Release|Any CPU.Build.0 = Release|Any CPU
		{CE244815-B3C9-468A-9574-3B398BF5FE0D}.Debug|Any CPU.ActiveCfg = Debug|Any CPU
		{CE244815-B3C9-468A-9574-3B398BF5FE0D}.Debug|Any CPU.Build.0 = Debug|Any CPU
		{CE244815-B3C9-468A-9574-3B398BF5FE0D}.Release|Any CPU.ActiveCfg = Release|Any CPU
		{CE244815-B3C9-468A-9574-3B398BF5FE0D}.Release|Any CPU.Build.0 = Release|Any CPU
	EndGlobalSection
	GlobalSection(SolutionProperties) = preSolution
		HideSolutionNode = FALSE
	EndGlobalSection
	GlobalSection(ExtensibilityGlobals) = postSolution
		SolutionGuid = {62FD58AC-5DCB-414B-8F11-02A75492FD13}
	EndGlobalSection
EndGlobal
